// !$*UTF8*$!
{
	archiveVersion = 1;
	classes = {
	};
	objectVersion = 55;
	objects = {

/* Begin PBXBuildFile section */
		F835CA41289D7DEE004DFA4A /* TabBarConfigurator.swift in Sources */ = {isa = PBXBuildFile; fileRef = F835CA40289D7DEE004DFA4A /* TabBarConfigurator.swift */; };
		F835CA4428A414C1004DFA4A /* MainModel.swift in Sources */ = {isa = PBXBuildFile; fileRef = F835CA4328A414C1004DFA4A /* MainModel.swift */; };
		F835CA4828A4190E004DFA4A /* MainItemCollectionViewCell.swift in Sources */ = {isa = PBXBuildFile; fileRef = F835CA4628A4190E004DFA4A /* MainItemCollectionViewCell.swift */; };
		F835CA4928A4190E004DFA4A /* MainItemCollectionViewCell.xib in Resources */ = {isa = PBXBuildFile; fileRef = F835CA4728A4190E004DFA4A /* MainItemCollectionViewCell.xib */; };
		F835CA4D28A46445004DFA4A /* SearchViewController.swift in Sources */ = {isa = PBXBuildFile; fileRef = F835CA4B28A46445004DFA4A /* SearchViewController.swift */; };
		F835CA4E28A46445004DFA4A /* SearchViewController.xib in Resources */ = {isa = PBXBuildFile; fileRef = F835CA4C28A46445004DFA4A /* SearchViewController.xib */; };
		F85B7E7D289AB95300C240FF /* AppDelegate.swift in Sources */ = {isa = PBXBuildFile; fileRef = F85B7E7C289AB95300C240FF /* AppDelegate.swift */; };
		F85B7E89289AB95400C240FF /* Assets.xcassets in Resources */ = {isa = PBXBuildFile; fileRef = F85B7E88289AB95400C240FF /* Assets.xcassets */; };
		F85B7E8C289AB95400C240FF /* LaunchScreen.storyboard in Resources */ = {isa = PBXBuildFile; fileRef = F85B7E8A289AB95400C240FF /* LaunchScreen.storyboard */; };
		F8A86DC4289D775A008A52CD /* MainViewController.swift in Sources */ = {isa = PBXBuildFile; fileRef = F8A86DC2289D775A008A52CD /* MainViewController.swift */; };
		F8A86DC5289D775A008A52CD /* MainViewController.xib in Resources */ = {isa = PBXBuildFile; fileRef = F8A86DC3289D775A008A52CD /* MainViewController.xib */; };
		F8A86DC8289D7783008A52CD /* ProfileViewController.swift in Sources */ = {isa = PBXBuildFile; fileRef = F8A86DC6289D7783008A52CD /* ProfileViewController.swift */; };
		F8A86DC9289D7783008A52CD /* ProfileViewController.xib in Resources */ = {isa = PBXBuildFile; fileRef = F8A86DC7289D7783008A52CD /* ProfileViewController.xib */; };
		F8A86DD0289D7A01008A52CD /* FavoriteViewController.swift in Sources */ = {isa = PBXBuildFile; fileRef = F8A86DCE289D7A01008A52CD /* FavoriteViewController.swift */; };
		F8A86DD1289D7A01008A52CD /* FavoriteViewController.xib in Resources */ = {isa = PBXBuildFile; fileRef = F8A86DCF289D7A01008A52CD /* FavoriteViewController.xib */; };
		F8A86DD5289D7ACE008A52CD /* TabBarModel.swift in Sources */ = {isa = PBXBuildFile; fileRef = F8A86DD4289D7ACE008A52CD /* TabBarModel.swift */; };
/* End PBXBuildFile section */

/* Begin PBXFileReference section */
		F835CA40289D7DEE004DFA4A /* TabBarConfigurator.swift */ = {isa = PBXFileReference; lastKnownFileType = sourcecode.swift; path = TabBarConfigurator.swift; sourceTree = "<group>"; };
		F835CA4328A414C1004DFA4A /* MainModel.swift */ = {isa = PBXFileReference; lastKnownFileType = sourcecode.swift; path = MainModel.swift; sourceTree = "<group>"; };
		F835CA4628A4190E004DFA4A /* MainItemCollectionViewCell.swift */ = {isa = PBXFileReference; lastKnownFileType = sourcecode.swift; path = MainItemCollectionViewCell.swift; sourceTree = "<group>"; };
		F835CA4728A4190E004DFA4A /* MainItemCollectionViewCell.xib */ = {isa = PBXFileReference; lastKnownFileType = file.xib; path = MainItemCollectionViewCell.xib; sourceTree = "<group>"; };
		F835CA4B28A46445004DFA4A /* SearchViewController.swift */ = {isa = PBXFileReference; lastKnownFileType = sourcecode.swift; path = SearchViewController.swift; sourceTree = "<group>"; };
		F835CA4C28A46445004DFA4A /* SearchViewController.xib */ = {isa = PBXFileReference; lastKnownFileType = file.xib; path = SearchViewController.xib; sourceTree = "<group>"; };
		F85B7E79289AB95300C240FF /* PhotoGallery.app */ = {isa = PBXFileReference; explicitFileType = wrapper.application; includeInIndex = 0; path = PhotoGallery.app; sourceTree = BUILT_PRODUCTS_DIR; };
		F85B7E7C289AB95300C240FF /* AppDelegate.swift */ = {isa = PBXFileReference; lastKnownFileType = sourcecode.swift; path = AppDelegate.swift; sourceTree = "<group>"; };
		F85B7E88289AB95400C240FF /* Assets.xcassets */ = {isa = PBXFileReference; lastKnownFileType = folder.assetcatalog; path = Assets.xcassets; sourceTree = "<group>"; };
		F85B7E8B289AB95400C240FF /* Base */ = {isa = PBXFileReference; lastKnownFileType = file.storyboard; name = Base; path = Base.lproj/LaunchScreen.storyboard; sourceTree = "<group>"; };
		F85B7E8D289AB95400C240FF /* Info.plist */ = {isa = PBXFileReference; lastKnownFileType = text.plist.xml; path = Info.plist; sourceTree = "<group>"; };
		F8A86DC2289D775A008A52CD /* MainViewController.swift */ = {isa = PBXFileReference; lastKnownFileType = sourcecode.swift; path = MainViewController.swift; sourceTree = "<group>"; };
		F8A86DC3289D775A008A52CD /* MainViewController.xib */ = {isa = PBXFileReference; lastKnownFileType = file.xib; path = MainViewController.xib; sourceTree = "<group>"; };
		F8A86DC6289D7783008A52CD /* ProfileViewController.swift */ = {isa = PBXFileReference; lastKnownFileType = sourcecode.swift; path = ProfileViewController.swift; sourceTree = "<group>"; };
		F8A86DC7289D7783008A52CD /* ProfileViewController.xib */ = {isa = PBXFileReference; lastKnownFileType = file.xib; path = ProfileViewController.xib; sourceTree = "<group>"; };
		F8A86DCE289D7A01008A52CD /* FavoriteViewController.swift */ = {isa = PBXFileReference; lastKnownFileType = sourcecode.swift; path = FavoriteViewController.swift; sourceTree = "<group>"; };
		F8A86DCF289D7A01008A52CD /* FavoriteViewController.xib */ = {isa = PBXFileReference; lastKnownFileType = file.xib; path = FavoriteViewController.xib; sourceTree = "<group>"; };
		F8A86DD4289D7ACE008A52CD /* TabBarModel.swift */ = {isa = PBXFileReference; lastKnownFileType = sourcecode.swift; path = TabBarModel.swift; sourceTree = "<group>"; };
/* End PBXFileReference section */

/* Begin PBXFrameworksBuildPhase section */
		F85B7E76289AB95300C240FF /* Frameworks */ = {
			isa = PBXFrameworksBuildPhase;
			buildActionMask = 2147483647;
			files = (
			);
			runOnlyForDeploymentPostprocessing = 0;
		};
/* End PBXFrameworksBuildPhase section */

/* Begin PBXGroup section */
		F835CA4528A418E1004DFA4A /* Cells */ = {
			isa = PBXGroup;
			children = (
				F835CA4628A4190E004DFA4A /* MainItemCollectionViewCell.swift */,
				F835CA4728A4190E004DFA4A /* MainItemCollectionViewCell.xib */,
			);
			path = Cells;
			sourceTree = "<group>";
		};
		F835CA4A28A463B4004DFA4A /* SearchModule */ = {
			isa = PBXGroup;
			children = (
				F835CA4B28A46445004DFA4A /* SearchViewController.swift */,
				F835CA4C28A46445004DFA4A /* SearchViewController.xib */,
			);
			path = SearchModule;
			sourceTree = "<group>";
		};
		F85B7E70289AB95300C240FF = {
			isa = PBXGroup;
			children = (
				F85B7E7B289AB95300C240FF /* PhotoGallery */,
				F85B7E7A289AB95300C240FF /* Products */,
			);
			sourceTree = "<group>";
		};
		F85B7E7A289AB95300C240FF /* Products */ = {
			isa = PBXGroup;
			children = (
				F85B7E79289AB95300C240FF /* PhotoGallery.app */,
			);
			name = Products;
			sourceTree = "<group>";
		};
		F85B7E7B289AB95300C240FF /* PhotoGallery */ = {
			isa = PBXGroup;
			children = (
				F85B7E7C289AB95300C240FF /* AppDelegate.swift */,
				F8A86DD2289D7A66008A52CD /* Application */,
				F8A86DCC289D7996008A52CD /* MainFlow */,
			);
			path = PhotoGallery;
			sourceTree = "<group>";
		};
		F8A86DCA289D7934008A52CD /* MainModule */ = {
			isa = PBXGroup;
			children = (
				F835CA4528A418E1004DFA4A /* Cells */,
				F835CA4328A414C1004DFA4A /* MainModel.swift */,
				F8A86DC2289D775A008A52CD /* MainViewController.swift */,
				F8A86DC3289D775A008A52CD /* MainViewController.xib */,
			);
			path = MainModule;
			sourceTree = "<group>";
		};
		F8A86DCB289D794F008A52CD /* ProfileModule */ = {
			isa = PBXGroup;
			children = (
				F8A86DC6289D7783008A52CD /* ProfileViewController.swift */,
				F8A86DC7289D7783008A52CD /* ProfileViewController.xib */,
			);
			path = ProfileModule;
			sourceTree = "<group>";
		};
		F8A86DCC289D7996008A52CD /* MainFlow */ = {
			isa = PBXGroup;
			children = (
				F835CA4A28A463B4004DFA4A /* SearchModule */,
				F8A86DD3289D7A9E008A52CD /* TabBar */,
				F8A86DCD289D79E8008A52CD /* FavoriteModule */,
				F8A86DCB289D794F008A52CD /* ProfileModule */,
				F8A86DCA289D7934008A52CD /* MainModule */,
			);
			path = MainFlow;
			sourceTree = "<group>";
		};
		F8A86DCD289D79E8008A52CD /* FavoriteModule */ = {
			isa = PBXGroup;
			children = (
				F8A86DCE289D7A01008A52CD /* FavoriteViewController.swift */,
				F8A86DCF289D7A01008A52CD /* FavoriteViewController.xib */,
			);
			path = FavoriteModule;
			sourceTree = "<group>";
		};
		F8A86DD2289D7A66008A52CD /* Application */ = {
			isa = PBXGroup;
			children = (
				F85B7E88289AB95400C240FF /* Assets.xcassets */,
				F85B7E8D289AB95400C240FF /* Info.plist */,
				F85B7E8A289AB95400C240FF /* LaunchScreen.storyboard */,
			);
			path = Application;
			sourceTree = "<group>";
		};
		F8A86DD3289D7A9E008A52CD /* TabBar */ = {
			isa = PBXGroup;
			children = (
				F8A86DD4289D7ACE008A52CD /* TabBarModel.swift */,
				F835CA40289D7DEE004DFA4A /* TabBarConfigurator.swift */,
			);
			path = TabBar;
			sourceTree = "<group>";
		};
/* End PBXGroup section */

/* Begin PBXNativeTarget section */
		F85B7E78289AB95300C240FF /* PhotoGallery */ = {
			isa = PBXNativeTarget;
			buildConfigurationList = F85B7E90289AB95400C240FF /* Build configuration list for PBXNativeTarget "PhotoGallery" */;
			buildPhases = (
				F85B7E75289AB95300C240FF /* Sources */,
				F85B7E76289AB95300C240FF /* Frameworks */,
				F85B7E77289AB95300C240FF /* Resources */,
			);
			buildRules = (
			);
			dependencies = (
			);
			name = PhotoGallery;
			productName = photoGallery;
			productReference = F85B7E79289AB95300C240FF /* PhotoGallery.app */;
			productType = "com.apple.product-type.application";
		};
/* End PBXNativeTarget section */

/* Begin PBXProject section */
		F85B7E71289AB95300C240FF /* Project object */ = {
			isa = PBXProject;
			attributes = {
				BuildIndependentTargetsInParallel = 1;
				LastSwiftUpdateCheck = 1340;
				LastUpgradeCheck = 1340;
				TargetAttributes = {
					F85B7E78289AB95300C240FF = {
						CreatedOnToolsVersion = 13.4.1;
					};
				};
			};
			buildConfigurationList = F85B7E74289AB95300C240FF /* Build configuration list for PBXProject "PhotoGallery" */;
			compatibilityVersion = "Xcode 13.0";
			developmentRegion = en;
			hasScannedForEncodings = 0;
			knownRegions = (
				en,
				Base,
			);
			mainGroup = F85B7E70289AB95300C240FF;
			productRefGroup = F85B7E7A289AB95300C240FF /* Products */;
			projectDirPath = "";
			projectRoot = "";
			targets = (
				F85B7E78289AB95300C240FF /* PhotoGallery */,
			);
		};
/* End PBXProject section */

/* Begin PBXResourcesBuildPhase section */
		F85B7E77289AB95300C240FF /* Resources */ = {
			isa = PBXResourcesBuildPhase;
			buildActionMask = 2147483647;
			files = (
				F85B7E8C289AB95400C240FF /* LaunchScreen.storyboard in Resources */,
				F85B7E89289AB95400C240FF /* Assets.xcassets in Resources */,
				F835CA4928A4190E004DFA4A /* MainItemCollectionViewCell.xib in Resources */,
				F8A86DD1289D7A01008A52CD /* FavoriteViewController.xib in Resources */,
				F8A86DC9289D7783008A52CD /* ProfileViewController.xib in Resources */,
				F8A86DC5289D775A008A52CD /* MainViewController.xib in Resources */,
				F835CA4E28A46445004DFA4A /* SearchViewController.xib in Resources */,
			);
			runOnlyForDeploymentPostprocessing = 0;
		};
/* End PBXResourcesBuildPhase section */

/* Begin PBXSourcesBuildPhase section */
		F85B7E75289AB95300C240FF /* Sources */ = {
			isa = PBXSourcesBuildPhase;
			buildActionMask = 2147483647;
			files = (
				F85B7E7D289AB95300C240FF /* AppDelegate.swift in Sources */,
				F8A86DC8289D7783008A52CD /* ProfileViewController.swift in Sources */,
				F8A86DC4289D775A008A52CD /* MainViewController.swift in Sources */,
				F835CA4D28A46445004DFA4A /* SearchViewController.swift in Sources */,
				F835CA4428A414C1004DFA4A /* MainModel.swift in Sources */,
				F835CA4828A4190E004DFA4A /* MainItemCollectionViewCell.swift in Sources */,
				F8A86DD0289D7A01008A52CD /* FavoriteViewController.swift in Sources */,
				F835CA41289D7DEE004DFA4A /* TabBarConfigurator.swift in Sources */,
				F8A86DD5289D7ACE008A52CD /* TabBarModel.swift in Sources */,
			);
			runOnlyForDeploymentPostprocessing = 0;
		};
/* End PBXSourcesBuildPhase section */

/* Begin PBXVariantGroup section */
		F85B7E8A289AB95400C240FF /* LaunchScreen.storyboard */ = {
			isa = PBXVariantGroup;
			children = (
				F85B7E8B289AB95400C240FF /* Base */,
			);
			name = LaunchScreen.storyboard;
			sourceTree = "<group>";
		};
/* End PBXVariantGroup section */

/* Begin XCBuildConfiguration section */
		F85B7E8E289AB95400C240FF /* Debug */ = {
			isa = XCBuildConfiguration;
			buildSettings = {
				ALWAYS_SEARCH_USER_PATHS = NO;
				CLANG_ANALYZER_NONNULL = YES;
				CLANG_ANALYZER_NUMBER_OBJECT_CONVERSION = YES_AGGRESSIVE;
				CLANG_CXX_LANGUAGE_STANDARD = "gnu++17";
				CLANG_ENABLE_MODULES = YES;
				CLANG_ENABLE_OBJC_ARC = YES;
				CLANG_ENABLE_OBJC_WEAK = YES;
				CLANG_WARN_BLOCK_CAPTURE_AUTORELEASING = YES;
				CLANG_WARN_BOOL_CONVERSION = YES;
				CLANG_WARN_COMMA = YES;
				CLANG_WARN_CONSTANT_CONVERSION = YES;
				CLANG_WARN_DEPRECATED_OBJC_IMPLEMENTATIONS = YES;
				CLANG_WARN_DIRECT_OBJC_ISA_USAGE = YES_ERROR;
				CLANG_WARN_DOCUMENTATION_COMMENTS = YES;
				CLANG_WARN_EMPTY_BODY = YES;
				CLANG_WARN_ENUM_CONVERSION = YES;
				CLANG_WARN_INFINITE_RECURSION = YES;
				CLANG_WARN_INT_CONVERSION = YES;
				CLANG_WARN_NON_LITERAL_NULL_CONVERSION = YES;
				CLANG_WARN_OBJC_IMPLICIT_RETAIN_SELF = YES;
				CLANG_WARN_OBJC_LITERAL_CONVERSION = YES;
				CLANG_WARN_OBJC_ROOT_CLASS = YES_ERROR;
				CLANG_WARN_QUOTED_INCLUDE_IN_FRAMEWORK_HEADER = YES;
				CLANG_WARN_RANGE_LOOP_ANALYSIS = YES;
				CLANG_WARN_STRICT_PROTOTYPES = YES;
				CLANG_WARN_SUSPICIOUS_MOVE = YES;
				CLANG_WARN_UNGUARDED_AVAILABILITY = YES_AGGRESSIVE;
				CLANG_WARN_UNREACHABLE_CODE = YES;
				CLANG_WARN__DUPLICATE_METHOD_MATCH = YES;
				COPY_PHASE_STRIP = NO;
				DEBUG_INFORMATION_FORMAT = dwarf;
				ENABLE_STRICT_OBJC_MSGSEND = YES;
				ENABLE_TESTABILITY = YES;
				GCC_C_LANGUAGE_STANDARD = gnu11;
				GCC_DYNAMIC_NO_PIC = NO;
				GCC_NO_COMMON_BLOCKS = YES;
				GCC_OPTIMIZATION_LEVEL = 0;
				GCC_PREPROCESSOR_DEFINITIONS = (
					"DEBUG=1",
					"$(inherited)",
				);
				GCC_WARN_64_TO_32_BIT_CONVERSION = YES;
				GCC_WARN_ABOUT_RETURN_TYPE = YES_ERROR;
				GCC_WARN_UNDECLARED_SELECTOR = YES;
				GCC_WARN_UNINITIALIZED_AUTOS = YES_AGGRESSIVE;
				GCC_WARN_UNUSED_FUNCTION = YES;
				GCC_WARN_UNUSED_VARIABLE = YES;
				IPHONEOS_DEPLOYMENT_TARGET = 15.5;
				MTL_ENABLE_DEBUG_INFO = INCLUDE_SOURCE;
				MTL_FAST_MATH = YES;
				ONLY_ACTIVE_ARCH = YES;
				SDKROOT = iphoneos;
				SWIFT_ACTIVE_COMPILATION_CONDITIONS = DEBUG;
				SWIFT_OPTIMIZATION_LEVEL = "-Onone";
			};
			name = Debug;
		};
		F85B7E8F289AB95400C240FF /* Release */ = {
			isa = XCBuildConfiguration;
			buildSettings = {
				ALWAYS_SEARCH_USER_PATHS = NO;
				CLANG_ANALYZER_NONNULL = YES;
				CLANG_ANALYZER_NUMBER_OBJECT_CONVERSION = YES_AGGRESSIVE;
				CLANG_CXX_LANGUAGE_STANDARD = "gnu++17";
				CLANG_ENABLE_MODULES = YES;
				CLANG_ENABLE_OBJC_ARC = YES;
				CLANG_ENABLE_OBJC_WEAK = YES;
				CLANG_WARN_BLOCK_CAPTURE_AUTORELEASING = YES;
				CLANG_WARN_BOOL_CONVERSION = YES;
				CLANG_WARN_COMMA = YES;
				CLANG_WARN_CONSTANT_CONVERSION = YES;
				CLANG_WARN_DEPRECATED_OBJC_IMPLEMENTATIONS = YES;
				CLANG_WARN_DIRECT_OBJC_ISA_USAGE = YES_ERROR;
				CLANG_WARN_DOCUMENTATION_COMMENTS = YES;
				CLANG_WARN_EMPTY_BODY = YES;
				CLANG_WARN_ENUM_CONVERSION = YES;
				CLANG_WARN_INFINITE_RECURSION = YES;
				CLANG_WARN_INT_CONVERSION = YES;
				CLANG_WARN_NON_LITERAL_NULL_CONVERSION = YES;
				CLANG_WARN_OBJC_IMPLICIT_RETAIN_SELF = YES;
				CLANG_WARN_OBJC_LITERAL_CONVERSION = YES;
				CLANG_WARN_OBJC_ROOT_CLASS = YES_ERROR;
				CLANG_WARN_QUOTED_INCLUDE_IN_FRAMEWORK_HEADER = YES;
				CLANG_WARN_RANGE_LOOP_ANALYSIS = YES;
				CLANG_WARN_STRICT_PROTOTYPES = YES;
				CLANG_WARN_SUSPICIOUS_MOVE = YES;
				CLANG_WARN_UNGUARDED_AVAILABILITY = YES_AGGRESSIVE;
				CLANG_WARN_UNREACHABLE_CODE = YES;
				CLANG_WARN__DUPLICATE_METHOD_MATCH = YES;
				COPY_PHASE_STRIP = NO;
				DEBUG_INFORMATION_FORMAT = "dwarf-with-dsym";
				ENABLE_NS_ASSERTIONS = NO;
				ENABLE_STRICT_OBJC_MSGSEND = YES;
				GCC_C_LANGUAGE_STANDARD = gnu11;
				GCC_NO_COMMON_BLOCKS = YES;
				GCC_WARN_64_TO_32_BIT_CONVERSION = YES;
				GCC_WARN_ABOUT_RETURN_TYPE = YES_ERROR;
				GCC_WARN_UNDECLARED_SELECTOR = YES;
				GCC_WARN_UNINITIALIZED_AUTOS = YES_AGGRESSIVE;
				GCC_WARN_UNUSED_FUNCTION = YES;
				GCC_WARN_UNUSED_VARIABLE = YES;
				IPHONEOS_DEPLOYMENT_TARGET = 15.5;
				MTL_ENABLE_DEBUG_INFO = NO;
				MTL_FAST_MATH = YES;
				SDKROOT = iphoneos;
				SWIFT_COMPILATION_MODE = wholemodule;
				SWIFT_OPTIMIZATION_LEVEL = "-O";
				VALIDATE_PRODUCT = YES;
			};
			name = Release;
		};
		F85B7E91289AB95400C240FF /* Debug */ = {
			isa = XCBuildConfiguration;
			buildSettings = {
				ASSETCATALOG_COMPILER_APPICON_NAME = AppIcon;
				ASSETCATALOG_COMPILER_GLOBAL_ACCENT_COLOR_NAME = AccentColor;
				CODE_SIGN_STYLE = Automatic;
				CURRENT_PROJECT_VERSION = 1;
				GENERATE_INFOPLIST_FILE = YES;
				INFOPLIST_FILE = photoGallery/Application/Info.plist;
				INFOPLIST_KEY_UIApplicationSupportsIndirectInputEvents = YES;
				INFOPLIST_KEY_UILaunchStoryboardName = LaunchScreen;
				INFOPLIST_KEY_UISupportedInterfaceOrientations_iPad = "UIInterfaceOrientationPortrait UIInterfaceOrientationPortraitUpsideDown UIInterfaceOrientationLandscapeLeft UIInterfaceOrientationLandscapeRight";
				INFOPLIST_KEY_UISupportedInterfaceOrientations_iPhone = "UIInterfaceOrientationPortrait UIInterfaceOrientationLandscapeLeft UIInterfaceOrientationLandscapeRight";
				LD_RUNPATH_SEARCH_PATHS = (
					"$(inherited)",
					"@executable_path/Frameworks",
				);
				MARKETING_VERSION = 1.0;
				PRODUCT_BUNDLE_IDENTIFIER = mganeeva.photoGallery;
				PRODUCT_NAME = "$(TARGET_NAME)";
				SWIFT_EMIT_LOC_STRINGS = YES;
				SWIFT_VERSION = 5.0;
				TARGETED_DEVICE_FAMILY = "1,2";
			};
			name = Debug;
		};
		F85B7E92289AB95400C240FF /* Release */ = {
			isa = XCBuildConfiguration;
			buildSettings = {
				ASSETCATALOG_COMPILER_APPICON_NAME = AppIcon;
				ASSETCATALOG_COMPILER_GLOBAL_ACCENT_COLOR_NAME = AccentColor;
				CODE_SIGN_STYLE = Automatic;
				CURRENT_PROJECT_VERSION = 1;
				GENERATE_INFOPLIST_FILE = YES;
				INFOPLIST_FILE = photoGallery/Application/Info.plist;
				INFOPLIST_KEY_UIApplicationSupportsIndirectInputEvents = YES;
				INFOPLIST_KEY_UILaunchStoryboardName = LaunchScreen;
				INFOPLIST_KEY_UISupportedInterfaceOrientations_iPad = "UIInterfaceOrientationPortrait UIInterfaceOrientationPortraitUpsideDown UIInterfaceOrientationLandscapeLeft UIInterfaceOrientationLandscapeRight";
				INFOPLIST_KEY_UISupportedInterfaceOrientations_iPhone = "UIInterfaceOrientationPortrait UIInterfaceOrientationLandscapeLeft UIInterfaceOrientationLandscapeRight";
				LD_RUNPATH_SEARCH_PATHS = (
					"$(inherited)",
					"@executable_path/Frameworks",
				);
				MARKETING_VERSION = 1.0;
				PRODUCT_BUNDLE_IDENTIFIER = mganeeva.photoGallery;
				PRODUCT_NAME = "$(TARGET_NAME)";
				SWIFT_EMIT_LOC_STRINGS = YES;
				SWIFT_VERSION = 5.0;
				TARGETED_DEVICE_FAMILY = "1,2";
			};
			name = Release;
		};
/* End XCBuildConfiguration section */

/* Begin XCConfigurationList section */
		F85B7E74289AB95300C240FF /* Build configuration list for PBXProject "PhotoGallery" */ = {
			isa = XCConfigurationList;
			buildConfigurations = (
				F85B7E8E289AB95400C240FF /* Debug */,
				F85B7E8F289AB95400C240FF /* Release */,
			);
			defaultConfigurationIsVisible = 0;
			defaultConfigurationName = Release;
		};
		F85B7E90289AB95400C240FF /* Build configuration list for PBXNativeTarget "PhotoGallery" */ = {
			isa = XCConfigurationList;
			buildConfigurations = (
				F85B7E91289AB95400C240FF /* Debug */,
				F85B7E92289AB95400C240FF /* Release */,
			);
			defaultConfigurationIsVisible = 0;
			defaultConfigurationName = Release;
		};
/* End XCConfigurationList section */
	};
	rootObject = F85B7E71289AB95300C240FF /* Project object */;
}
